<?xml version="1.0" encoding="utf-8"?>
<Project ToolsVersion="4.0" xmlns="http://schemas.microsoft.com/developer/msbuild/2003">
  <ItemGroup>
    <Filter Include="소스 파일">
      <UniqueIdentifier>{4FC737F1-C7A5-4376-A066-2A32D752A2FF}</UniqueIdentifier>
      <Extensions>cpp;c;cc;cxx;c++;cppm;ixx;def;odl;idl;hpj;bat;asm;asmx</Extensions>
    </Filter>
    <Filter Include="헤더 파일">
      <UniqueIdentifier>{93995380-89BD-4b04-88EB-625FBE52EBFB}</UniqueIdentifier>
      <Extensions>h;hh;hpp;hxx;h++;hm;inl;inc;ipp;xsd</Extensions>
    </Filter>
    <Filter Include="리소스 파일">
      <UniqueIdentifier>{67DA6AB6-F800-4c08-8B7A-83BB121AAD01}</UniqueIdentifier>
      <Extensions>rc;ico;cur;bmp;dlg;rc2;rct;bin;rgs;gif;jpg;jpeg;jpe;resx;tiff;tif;png;wav;mfcribbon-ms</Extensions>
    </Filter>
  </ItemGroup>
  <ItemGroup>
    <ClCompile Include="[1074] Z.cpp">
      <Filter>소스 파일</Filter>
    </ClCompile>
    <ClCompile Include="[1182] 부분수열의 합.cpp">
      <Filter>소스 파일</Filter>
    </ClCompile>
    <ClCompile Include="[1495] 기타리스트.cpp">
      <Filter>소스 파일</Filter>
    </ClCompile>
    <ClCompile Include="[1504] 특정한 최단경로.cpp">
      <Filter>소스 파일</Filter>
    </ClCompile>
    <ClCompile Include="[1644] 소수의 연속합.cpp">
      <Filter>소스 파일</Filter>
    </ClCompile>
    <ClCompile Include="[1753] 최단경로.cpp">
      <Filter>소스 파일</Filter>
    </ClCompile>
    <ClCompile Include="[1806] 부분합.cpp">
      <Filter>소스 파일</Filter>
    </ClCompile>
    <ClCompile Include="[1914] 하노이 탑.cpp">
      <Filter>소스 파일</Filter>
    </ClCompile>
    <ClCompile Include="[1987] 알파벳.cpp">
      <Filter>소스 파일</Filter>
    </ClCompile>
    <ClCompile Include="[2164] 카드2.cpp">
      <Filter>소스 파일</Filter>
    </ClCompile>
    <ClCompile Include="[2468] 안전 영역.cpp">
      <Filter>소스 파일</Filter>
    </ClCompile>
    <ClCompile Include="[2470] 두 용액.cpp">
      <Filter>소스 파일</Filter>
    </ClCompile>
    <ClCompile Include="[3055] 탈출.cpp">
      <Filter>소스 파일</Filter>
    </ClCompile>
    <ClCompile Include="[3190] 뱀.cpp">
      <Filter>소스 파일</Filter>
    </ClCompile>
    <ClCompile Include="[3273] 두 수의 합.cpp">
      <Filter>소스 파일</Filter>
    </ClCompile>
    <ClCompile Include="[9095] 1, 2, 3 더하기.cpp">
      <Filter>소스 파일</Filter>
    </ClCompile>
    <ClCompile Include="[9184] 신나는 함수 실행.cpp">
      <Filter>소스 파일</Filter>
    </ClCompile>
    <ClCompile Include="[11404] 플로이드.cpp">
      <Filter>소스 파일</Filter>
    </ClCompile>
    <ClCompile Include="[13305] 주유소.cpp">
      <Filter>소스 파일</Filter>
    </ClCompile>
    <ClCompile Include="[14501] 퇴사.cpp">
      <Filter>소스 파일</Filter>
    </ClCompile>
    <ClCompile Include="[14502] 연구소.cpp">
      <Filter>소스 파일</Filter>
    </ClCompile>
    <ClCompile Include="[14503] 로봇 청소기.cpp">
      <Filter>소스 파일</Filter>
    </ClCompile>
    <ClCompile Include="[14888] 연산자 끼워넣기.cpp">
      <Filter>소스 파일</Filter>
    </ClCompile>
    <ClCompile Include="[14891] 톱니바퀴.cpp">
      <Filter>소스 파일</Filter>
    </ClCompile>
    <ClCompile Include="[15683] 감시.cpp">
      <Filter>소스 파일</Filter>
    </ClCompile>
    <ClCompile Include="[15684] 사다리 조작cpp.cpp">
      <Filter>소스 파일</Filter>
    </ClCompile>
    <ClCompile Include="[16236] 아기 상어.cpp">
      <Filter>소스 파일</Filter>
    </ClCompile>
    <ClCompile Include="[17263] Sort 마스터 배지훈.cpp">
      <Filter>소스 파일</Filter>
    </ClCompile>
    <ClCompile Include="[17264] I AM IRONMAN.cpp">
      <Filter>소스 파일</Filter>
    </ClCompile>
    <ClCompile Include="[17265] 나의 인생에는 수학과 함께.cpp">
      <Filter>소스 파일</Filter>
    </ClCompile>
    <ClCompile Include="[17266] 어두운 굴다리.cpp">
      <Filter>소스 파일</Filter>
    </ClCompile>
    <ClCompile Include="[17267] 상남자.cpp">
      <Filter>소스 파일</Filter>
    </ClCompile>
    <ClCompile Include="[IUPC A] 이름 궁합 테스트.cpp">
      <Filter>소스 파일</Filter>
    </ClCompile>
    <ClCompile Include="4.cpp">
      <Filter>소스 파일</Filter>
    </ClCompile>
    <ClCompile Include="source.cpp">
      <Filter>소스 파일</Filter>
    </ClCompile>
    <ClCompile Include="[1003] 피보나치 함수.cpp">
      <Filter>소스 파일</Filter>
    </ClCompile>
    <ClCompile Include="[1043] 거짓말.cpp">
      <Filter>소스 파일</Filter>
    </ClCompile>
    <ClCompile Include="[1107] 리모컨.cpp">
      <Filter>소스 파일</Filter>
    </ClCompile>
    <ClCompile Include="[1309] 동물원.cpp">
      <Filter>소스 파일</Filter>
    </ClCompile>
    <ClCompile Include="[1620] 나는야 포켓몬 마스터 이다솜.cpp">
      <Filter>소스 파일</Filter>
    </ClCompile>
    <ClCompile Include="[1701] Cubeditor.cpp">
      <Filter>소스 파일</Filter>
    </ClCompile>
    <ClCompile Include="[1764] 듣보잡.cpp">
      <Filter>소스 파일</Filter>
    </ClCompile>
    <ClCompile Include="[1786] 찾기.cpp">
      <Filter>소스 파일</Filter>
    </ClCompile>
    <ClCompile Include="[1904] 01타일.cpp">
      <Filter>소스 파일</Filter>
    </ClCompile>
    <ClCompile Include="[1912] 연속합.cpp">
      <Filter>소스 파일</Filter>
    </ClCompile>
    <ClCompile Include="[1915] 가장 큰 정사각형.cpp">
      <Filter>소스 파일</Filter>
    </ClCompile>
    <ClCompile Include="[2018 KAKAO] 다트 게임.cpp">
      <Filter>소스 파일</Filter>
    </ClCompile>
    <ClCompile Include="[2018 KAKAO] 비밀지도.cpp">
      <Filter>소스 파일</Filter>
    </ClCompile>
    <ClCompile Include="[2110] 공유기 설치.cpp">
      <Filter>소스 파일</Filter>
    </ClCompile>
    <ClCompile Include="[2156] 포도주 시식.cpp">
      <Filter>소스 파일</Filter>
    </ClCompile>
    <ClCompile Include="[2579] 계단 오르기.cpp">
      <Filter>소스 파일</Filter>
    </ClCompile>
    <ClCompile Include="[2688] 줄어들지 않아.cpp">
      <Filter>소스 파일</Filter>
    </ClCompile>
    <ClCompile Include="[2748] 피보나치 수2.cpp">
      <Filter>소스 파일</Filter>
    </ClCompile>
    <ClCompile Include="[9251] LCS.cpp">
      <Filter>소스 파일</Filter>
    </ClCompile>
    <ClCompile Include="[9461] 파도반 수열.cpp">
      <Filter>소스 파일</Filter>
    </ClCompile>
    <ClCompile Include="[9663] N-Queen.cpp">
      <Filter>소스 파일</Filter>
    </ClCompile>
    <ClCompile Include="[10844] 쉬운 계단수.cpp">
      <Filter>소스 파일</Filter>
    </ClCompile>
    <ClCompile Include="[10845] 큐.cpp">
      <Filter>소스 파일</Filter>
    </ClCompile>
    <ClCompile Include="[10870] 피보나치 수 5.cpp">
      <Filter>소스 파일</Filter>
    </ClCompile>
    <ClCompile Include="[11051] 이항계수 2.cpp">
      <Filter>소스 파일</Filter>
    </ClCompile>
    <ClCompile Include="[11053] 가장 긴 증가하는 부분 수열.cpp">
      <Filter>소스 파일</Filter>
    </ClCompile>
    <ClCompile Include="[11054] 가장 긴 바이토닉 부분 수열.cpp">
      <Filter>소스 파일</Filter>
    </ClCompile>
    <ClCompile Include="[11057] 오르막수.cpp">
      <Filter>소스 파일</Filter>
    </ClCompile>
    <ClCompile Include="[11723] 집합.cpp">
      <Filter>소스 파일</Filter>
    </ClCompile>
    <ClCompile Include="[11726] 2xn 타일링.cpp">
      <Filter>소스 파일</Filter>
    </ClCompile>
    <ClCompile Include="[12100] 2048 (Easy).cpp">
      <Filter>소스 파일</Filter>
    </ClCompile>
    <ClCompile Include="[14719] 빗물.cpp">
      <Filter>소스 파일</Filter>
    </ClCompile>
    <ClCompile Include="[14889] 스타트와 링크.cpp">
      <Filter>소스 파일</Filter>
    </ClCompile>
    <ClCompile Include="[15686] 치킨 배달.cpp">
      <Filter>소스 파일</Filter>
    </ClCompile>
    <ClCompile Include="[16172] 나는 친구가 적다.cpp">
      <Filter>소스 파일</Filter>
    </ClCompile>
    <ClCompile Include="[16234] 인구이동.cpp">
      <Filter>소스 파일</Filter>
    </ClCompile>
    <ClCompile Include="[ICT] 3.cpp">
      <Filter>소스 파일</Filter>
    </ClCompile>
    <ClCompile Include="[ICT] 5.cpp">
      <Filter>소스 파일</Filter>
    </ClCompile>
    <ClCompile Include="[SW1952] 수영장.cpp">
      <Filter>소스 파일</Filter>
    </ClCompile>
    <ClCompile Include="[SW2112] 보호 필름.cpp">
      <Filter>소스 파일</Filter>
    </ClCompile>
    <ClCompile Include="[SW4008] 숫자 만들기.cpp">
      <Filter>소스 파일</Filter>
    </ClCompile>
    <ClCompile Include="[SW4012] 요리사.cpp">
      <Filter>소스 파일</Filter>
    </ClCompile>
    <ClCompile Include="[SW4014] 활주로 건설.cpp">
      <Filter>소스 파일</Filter>
    </ClCompile>
    <ClCompile Include="[SW5644] 무선 충전.cpp">
      <Filter>소스 파일</Filter>
    </ClCompile>
    <ClCompile Include="[SW5648] 원자 소멸 시뮬레이션.cpp">
      <Filter>소스 파일</Filter>
    </ClCompile>
    <ClCompile Include="[SW5650] 핀볼.cpp">
      <Filter>소스 파일</Filter>
    </ClCompile>
    <ClCompile Include="[SW15683] 감시.cpp">
      <Filter>소스 파일</Filter>
    </ClCompile>
    <ClCompile Include="[15961] 회전 초밥.cpp">
      <Filter>소스 파일</Filter>
    </ClCompile>
    <ClCompile Include="[17609] 회문.cpp">
      <Filter>소스 파일</Filter>
    </ClCompile>
    <ClCompile Include="[20056] 마법사 상어와 파이어볼.cpp">
      <Filter>소스 파일</Filter>
    </ClCompile>
    <ClCompile Include="[15500] 이상한 하노이 탑.cpp">
      <Filter>소스 파일</Filter>
    </ClCompile>
    <ClCompile Include="[17135] 캐슬 디펜스.cpp">
      <Filter>소스 파일</Filter>
    </ClCompile>
    <ClCompile Include="[2206] 벽 부수고 이동하기.cpp">
      <Filter>소스 파일</Filter>
    </ClCompile>
    <ClCompile Include="[4991] 로봇 청소기.cpp">
      <Filter>소스 파일</Filter>
    </ClCompile>
    <ClCompile Include="[17779] 게리맨더링 2.cpp">
      <Filter>소스 파일</Filter>
    </ClCompile>
    <ClCompile Include="[17140] 이차원 배열과 연산.cpp">
      <Filter>소스 파일</Filter>
    </ClCompile>
    <ClCompile Include="[4811] 알약.cpp">
      <Filter>소스 파일</Filter>
    </ClCompile>
    <ClCompile Include="[1747] 소수 팰린드롬.cpp">
      <Filter>소스 파일</Filter>
    </ClCompile>
    <ClCompile Include="[16925] 배열 돌리기.cpp">
      <Filter>소스 파일</Filter>
    </ClCompile>
    <ClCompile Include="[1931] 회의실.cpp">
      <Filter>소스 파일</Filter>
    </ClCompile>
    <ClCompile Include="[1197] 최소 스패닝 트리.cpp">
      <Filter>소스 파일</Filter>
    </ClCompile>
    <ClCompile Include="[14500] 테트로미노.cpp">
      <Filter>소스 파일</Filter>
    </ClCompile>
  </ItemGroup>
</Project>